// !$*UTF8*$!
{
	archiveVersion = 1;
	classes = {
	};
	objectVersion = 56;
	objects = {

/* Begin PBXBuildFile section */
		0748980D2AC16940003A7B34 /* 수식.plist in Resources */ = {isa = PBXBuildFile; fileRef = 0748980C2AC16940003A7B34 /* 수식.plist */; };
		0748980F2AC1694F003A7B34 /* 술목.plist in Resources */ = {isa = PBXBuildFile; fileRef = 0748980E2AC1694F003A7B34 /* 술목.plist */; };
		074898112AC1695B003A7B34 /* 술보.plist in Resources */ = {isa = PBXBuildFile; fileRef = 074898102AC1695B003A7B34 /* 술보.plist */; };
		074898132AC16967003A7B34 /* 병렬.plist in Resources */ = {isa = PBXBuildFile; fileRef = 074898122AC16967003A7B34 /* 병렬.plist */; };
		074898152AC16E49003A7B34 /* 주술.plist in Resources */ = {isa = PBXBuildFile; fileRef = 074898142AC16E49003A7B34 /* 주술.plist */; };
		078182C02AC80666009CC0CA /* SFTTF.ttf in Resources */ = {isa = PBXBuildFile; fileRef = 078182BF2AC80631009CC0CA /* SFTTF.ttf */; };
		078182C22AC84F86009CC0CA /* ConceptA.swift in Sources */ = {isa = PBXBuildFile; fileRef = 078182C12AC84F86009CC0CA /* ConceptA.swift */; };
		078182C42AC84F9D009CC0CA /* ConceptB.swift in Sources */ = {isa = PBXBuildFile; fileRef = 078182C32AC84F9D009CC0CA /* ConceptB.swift */; };
		078182C62AC84FAD009CC0CA /* ConceptC.swift in Sources */ = {isa = PBXBuildFile; fileRef = 078182C52AC84FAD009CC0CA /* ConceptC.swift */; };
		078182C82AC84FCB009CC0CA /* ConceptD.swift in Sources */ = {isa = PBXBuildFile; fileRef = 078182C72AC84FCB009CC0CA /* ConceptD.swift */; };
		078182CA2AC84FD7009CC0CA /* ConceptE.swift in Sources */ = {isa = PBXBuildFile; fileRef = 078182C92AC84FD7009CC0CA /* ConceptE.swift */; };
		078182CC2AC8507F009CC0CA /* QuestionViewController.swift in Sources */ = {isa = PBXBuildFile; fileRef = 078182CB2AC8507F009CC0CA /* QuestionViewController.swift */; };
		078182D82AC93642009CC0CA /* ResultViewController.swift in Sources */ = {isa = PBXBuildFile; fileRef = 078182D72AC93642009CC0CA /* ResultViewController.swift */; };
		0784286A2ABD73EF00100C70 /* AppDelegate.swift in Sources */ = {isa = PBXBuildFile; fileRef = 078428692ABD73EF00100C70 /* AppDelegate.swift */; };
		0784286C2ABD73EF00100C70 /* SceneDelegate.swift in Sources */ = {isa = PBXBuildFile; fileRef = 0784286B2ABD73EF00100C70 /* SceneDelegate.swift */; };
		078428712ABD73EF00100C70 /* Main.storyboard in Resources */ = {isa = PBXBuildFile; fileRef = 0784286F2ABD73EF00100C70 /* Main.storyboard */; };
		078428732ABD73F000100C70 /* Assets.xcassets in Resources */ = {isa = PBXBuildFile; fileRef = 078428722ABD73F000100C70 /* Assets.xcassets */; };
		078428762ABD73F000100C70 /* LaunchScreen.storyboard in Resources */ = {isa = PBXBuildFile; fileRef = 078428742ABD73F000100C70 /* LaunchScreen.storyboard */; };
		07B45CFD2ABEC4E900A65931 /* Lottie in Frameworks */ = {isa = PBXBuildFile; productRef = 07B45CFC2ABEC4E900A65931 /* Lottie */; };
		07B9CC222ACE56FE00DEA1B3 /* UNI_HSR.TTF in Resources */ = {isa = PBXBuildFile; fileRef = 07B9CC212ACE49D000DEA1B3 /* UNI_HSR.TTF */; };
		07BBA8552AD65A400028EB91 /* File.swift in Sources */ = {isa = PBXBuildFile; fileRef = 07BBA8542AD65A400028EB91 /* File.swift */; };
		07CF14702ACF1C6B007948C2 /* Realm in Frameworks */ = {isa = PBXBuildFile; productRef = 07CF146F2ACF1C6B007948C2 /* Realm */; };
		07CF14722ACF1C6B007948C2 /* RealmSwift in Frameworks */ = {isa = PBXBuildFile; productRef = 07CF14712ACF1C6B007948C2 /* RealmSwift */; };
		07D4943E2AC1E20C00F356A4 /* TheoryViewController.swift in Sources */ = {isa = PBXBuildFile; fileRef = 07D4943D2AC1E20C00F356A4 /* TheoryViewController.swift */; };
		07EE7D392AC555E50069BC57 /* 사자성어.plist in Resources */ = {isa = PBXBuildFile; fileRef = 07EE7D382AC555E50069BC57 /* 사자성어.plist */; };
/* End PBXBuildFile section */

/* Begin PBXFileReference section */
		0748980C2AC16940003A7B34 /* 수식.plist */ = {isa = PBXFileReference; lastKnownFileType = text.plist.xml; path = "수식.plist"; sourceTree = "<group>"; };
		0748980E2AC1694F003A7B34 /* 술목.plist */ = {isa = PBXFileReference; lastKnownFileType = text.plist.xml; path = "술목.plist"; sourceTree = "<group>"; };
		074898102AC1695B003A7B34 /* 술보.plist */ = {isa = PBXFileReference; lastKnownFileType = text.plist.xml; path = "술보.plist"; sourceTree = "<group>"; };
		074898122AC16967003A7B34 /* 병렬.plist */ = {isa = PBXFileReference; lastKnownFileType = text.plist.xml; path = "병렬.plist"; sourceTree = "<group>"; };
		074898142AC16E49003A7B34 /* 주술.plist */ = {isa = PBXFileReference; lastKnownFileType = text.plist.xml; path = "주술.plist"; sourceTree = "<group>"; };
		078182BF2AC80631009CC0CA /* SFTTF.ttf */ = {isa = PBXFileReference; lastKnownFileType = file; path = SFTTF.ttf; sourceTree = "<group>"; };
		078182C12AC84F86009CC0CA /* ConceptA.swift */ = {isa = PBXFileReference; lastKnownFileType = sourcecode.swift; path = ConceptA.swift; sourceTree = "<group>"; };
		078182C32AC84F9D009CC0CA /* ConceptB.swift */ = {isa = PBXFileReference; lastKnownFileType = sourcecode.swift; path = ConceptB.swift; sourceTree = "<group>"; };
		078182C52AC84FAD009CC0CA /* ConceptC.swift */ = {isa = PBXFileReference; lastKnownFileType = sourcecode.swift; path = ConceptC.swift; sourceTree = "<group>"; };
		078182C72AC84FCB009CC0CA /* ConceptD.swift */ = {isa = PBXFileReference; lastKnownFileType = sourcecode.swift; path = ConceptD.swift; sourceTree = "<group>"; };
		078182C92AC84FD7009CC0CA /* ConceptE.swift */ = {isa = PBXFileReference; lastKnownFileType = sourcecode.swift; path = ConceptE.swift; sourceTree = "<group>"; };
		078182CB2AC8507F009CC0CA /* QuestionViewController.swift */ = {isa = PBXFileReference; lastKnownFileType = sourcecode.swift; path = QuestionViewController.swift; sourceTree = "<group>"; };
		078182D72AC93642009CC0CA /* ResultViewController.swift */ = {isa = PBXFileReference; lastKnownFileType = sourcecode.swift; path = ResultViewController.swift; sourceTree = "<group>"; };
		078428662ABD73EF00100C70 /* ClassicalChinese.app */ = {isa = PBXFileReference; explicitFileType = wrapper.application; includeInIndex = 0; path = ClassicalChinese.app; sourceTree = BUILT_PRODUCTS_DIR; };
		078428692ABD73EF00100C70 /* AppDelegate.swift */ = {isa = PBXFileReference; lastKnownFileType = sourcecode.swift; path = AppDelegate.swift; sourceTree = "<group>"; };
		0784286B2ABD73EF00100C70 /* SceneDelegate.swift */ = {isa = PBXFileReference; lastKnownFileType = sourcecode.swift; path = SceneDelegate.swift; sourceTree = "<group>"; };
		078428702ABD73EF00100C70 /* Base */ = {isa = PBXFileReference; lastKnownFileType = file.storyboard; name = Base; path = Base.lproj/Main.storyboard; sourceTree = "<group>"; };
		078428722ABD73F000100C70 /* Assets.xcassets */ = {isa = PBXFileReference; lastKnownFileType = folder.assetcatalog; path = Assets.xcassets; sourceTree = "<group>"; };
		078428752ABD73F000100C70 /* Base */ = {isa = PBXFileReference; lastKnownFileType = file.storyboard; name = Base; path = Base.lproj/LaunchScreen.storyboard; sourceTree = "<group>"; };
		078428772ABD73F000100C70 /* Info.plist */ = {isa = PBXFileReference; lastKnownFileType = text.plist.xml; path = Info.plist; sourceTree = "<group>"; };
		07B9CC212ACE49D000DEA1B3 /* UNI_HSR.TTF */ = {isa = PBXFileReference; lastKnownFileType = file; path = UNI_HSR.TTF; sourceTree = "<group>"; };
		07BBA8542AD65A400028EB91 /* File.swift */ = {isa = PBXFileReference; lastKnownFileType = sourcecode.swift; path = File.swift; sourceTree = "<group>"; };
		07D4943D2AC1E20C00F356A4 /* TheoryViewController.swift */ = {isa = PBXFileReference; lastKnownFileType = sourcecode.swift; path = TheoryViewController.swift; sourceTree = "<group>"; };
		07EE7D382AC555E50069BC57 /* 사자성어.plist */ = {isa = PBXFileReference; lastKnownFileType = text.plist.xml; path = "사자성어.plist"; sourceTree = "<group>"; };
/* End PBXFileReference section */

/* Begin PBXFrameworksBuildPhase section */
		078428632ABD73EF00100C70 /* Frameworks */ = {
			isa = PBXFrameworksBuildPhase;
			buildActionMask = 2147483647;
			files = (
				07CF14722ACF1C6B007948C2 /* RealmSwift in Frameworks */,
				07CF14702ACF1C6B007948C2 /* Realm in Frameworks */,
				07B45CFD2ABEC4E900A65931 /* Lottie in Frameworks */,
			);
			runOnlyForDeploymentPostprocessing = 0;
		};
/* End PBXFrameworksBuildPhase section */

/* Begin PBXGroup section */
		0784285D2ABD73EF00100C70 = {
			isa = PBXGroup;
			children = (
				078428682ABD73EF00100C70 /* ClassicalChinese */,
				078428672ABD73EF00100C70 /* Products */,
				07B45CFB2ABEC4E900A65931 /* Frameworks */,
			);
			sourceTree = "<group>";
		};
		078428672ABD73EF00100C70 /* Products */ = {
			isa = PBXGroup;
			children = (
				078428662ABD73EF00100C70 /* ClassicalChinese.app */,
			);
			name = Products;
			sourceTree = "<group>";
		};
		078428682ABD73EF00100C70 /* ClassicalChinese */ = {
			isa = PBXGroup;
			children = (
				078428692ABD73EF00100C70 /* AppDelegate.swift */,
				0784286B2ABD73EF00100C70 /* SceneDelegate.swift */,
				0784286F2ABD73EF00100C70 /* Main.storyboard */,
				07BBA8542AD65A400028EB91 /* File.swift */,
				07D4943D2AC1E20C00F356A4 /* TheoryViewController.swift */,
				078428722ABD73F000100C70 /* Assets.xcassets */,
				078428742ABD73F000100C70 /* LaunchScreen.storyboard */,
				078428772ABD73F000100C70 /* Info.plist */,
				0748980C2AC16940003A7B34 /* 수식.plist */,
				0748980E2AC1694F003A7B34 /* 술목.plist */,
				074898102AC1695B003A7B34 /* 술보.plist */,
				074898142AC16E49003A7B34 /* 주술.plist */,
				074898122AC16967003A7B34 /* 병렬.plist */,
				07EE7D382AC555E50069BC57 /* 사자성어.plist */,
				078182BF2AC80631009CC0CA /* SFTTF.ttf */,
				07B9CC212ACE49D000DEA1B3 /* UNI_HSR.TTF */,
				078182C12AC84F86009CC0CA /* ConceptA.swift */,
				078182D72AC93642009CC0CA /* ResultViewController.swift */,
				078182C32AC84F9D009CC0CA /* ConceptB.swift */,
				078182C52AC84FAD009CC0CA /* ConceptC.swift */,
				078182C72AC84FCB009CC0CA /* ConceptD.swift */,
				078182C92AC84FD7009CC0CA /* ConceptE.swift */,
				078182CB2AC8507F009CC0CA /* QuestionViewController.swift */,
			);
			path = ClassicalChinese;
			sourceTree = "<group>";
		};
		07B45CFB2ABEC4E900A65931 /* Frameworks */ = {
			isa = PBXGroup;
			children = (
			);
			name = Frameworks;
			sourceTree = "<group>";
		};
/* End PBXGroup section */

/* Begin PBXNativeTarget section */
		078428652ABD73EF00100C70 /* ClassicalChinese */ = {
			isa = PBXNativeTarget;
			buildConfigurationList = 0784287A2ABD73F000100C70 /* Build configuration list for PBXNativeTarget "ClassicalChinese" */;
			buildPhases = (
				078428622ABD73EF00100C70 /* Sources */,
				078428632ABD73EF00100C70 /* Frameworks */,
				078428642ABD73EF00100C70 /* Resources */,
			);
			buildRules = (
			);
			dependencies = (
			);
			name = ClassicalChinese;
			packageProductDependencies = (
				07B45CFC2ABEC4E900A65931 /* Lottie */,
				07CF146F2ACF1C6B007948C2 /* Realm */,
				07CF14712ACF1C6B007948C2 /* RealmSwift */,
			);
			productName = ClassicalChinese;
			productReference = 078428662ABD73EF00100C70 /* ClassicalChinese.app */;
			productType = "com.apple.product-type.application";
		};
/* End PBXNativeTarget section */

/* Begin PBXProject section */
		0784285E2ABD73EF00100C70 /* Project object */ = {
			isa = PBXProject;
			attributes = {
				BuildIndependentTargetsInParallel = 1;
				LastSwiftUpdateCheck = 1500;
				LastUpgradeCheck = 1500;
				TargetAttributes = {
					078428652ABD73EF00100C70 = {
						CreatedOnToolsVersion = 15.0;
					};
				};
			};
			buildConfigurationList = 078428612ABD73EF00100C70 /* Build configuration list for PBXProject "ClassicalChinese" */;
			compatibilityVersion = "Xcode 14.0";
			developmentRegion = en;
			hasScannedForEncodings = 0;
			knownRegions = (
				en,
				Base,
			);
			mainGroup = 0784285D2ABD73EF00100C70;
			packageReferences = (
				07CEDAF62ABDF7CB00FFA0BA /* XCRemoteSwiftPackageReference "lottie-ios" */,
				07CF146E2ACF1C6B007948C2 /* XCRemoteSwiftPackageReference "realm-swift" */,
			);
			productRefGroup = 078428672ABD73EF00100C70 /* Products */;
			projectDirPath = "";
			projectRoot = "";
			targets = (
				078428652ABD73EF00100C70 /* ClassicalChinese */,
			);
		};
/* End PBXProject section */

/* Begin PBXResourcesBuildPhase section */
		078428642ABD73EF00100C70 /* Resources */ = {
			isa = PBXResourcesBuildPhase;
			buildActionMask = 2147483647;
			files = (
				07B9CC222ACE56FE00DEA1B3 /* UNI_HSR.TTF in Resources */,
				078182C02AC80666009CC0CA /* SFTTF.ttf in Resources */,
				078428762ABD73F000100C70 /* LaunchScreen.storyboard in Resources */,
				074898112AC1695B003A7B34 /* 술보.plist in Resources */,
				0748980F2AC1694F003A7B34 /* 술목.plist in Resources */,
				07EE7D392AC555E50069BC57 /* 사자성어.plist in Resources */,
				074898132AC16967003A7B34 /* 병렬.plist in Resources */,
				074898152AC16E49003A7B34 /* 주술.plist in Resources */,
				078428732ABD73F000100C70 /* Assets.xcassets in Resources */,
				0748980D2AC16940003A7B34 /* 수식.plist in Resources */,
				078428712ABD73EF00100C70 /* Main.storyboard in Resources */,
			);
			runOnlyForDeploymentPostprocessing = 0;
		};
/* End PBXResourcesBuildPhase section */

/* Begin PBXSourcesBuildPhase section */
		078428622ABD73EF00100C70 /* Sources */ = {
			isa = PBXSourcesBuildPhase;
			buildActionMask = 2147483647;
			files = (
				0784286A2ABD73EF00100C70 /* AppDelegate.swift in Sources */,
				078182C22AC84F86009CC0CA /* ConceptA.swift in Sources */,
				078182CA2AC84FD7009CC0CA /* ConceptE.swift in Sources */,
				078182CC2AC8507F009CC0CA /* QuestionViewController.swift in Sources */,
				078182C62AC84FAD009CC0CA /* ConceptC.swift in Sources */,
				078182D82AC93642009CC0CA /* ResultViewController.swift in Sources */,
				0784286C2ABD73EF00100C70 /* SceneDelegate.swift in Sources */,
				07D4943E2AC1E20C00F356A4 /* TheoryViewController.swift in Sources */,
				078182C82AC84FCB009CC0CA /* ConceptD.swift in Sources */,
				07BBA8552AD65A400028EB91 /* File.swift in Sources */,
				078182C42AC84F9D009CC0CA /* ConceptB.swift in Sources */,
			);
			runOnlyForDeploymentPostprocessing = 0;
		};
/* End PBXSourcesBuildPhase section */

/* Begin PBXVariantGroup section */
		0784286F2ABD73EF00100C70 /* Main.storyboard */ = {
			isa = PBXVariantGroup;
			children = (
				078428702ABD73EF00100C70 /* Base */,
			);
			name = Main.storyboard;
			sourceTree = "<group>";
		};
		078428742ABD73F000100C70 /* LaunchScreen.storyboard */ = {
			isa = PBXVariantGroup;
			children = (
				078428752ABD73F000100C70 /* Base */,
			);
			name = LaunchScreen.storyboard;
			sourceTree = "<group>";
		};
/* End PBXVariantGroup section */

/* Begin XCBuildConfiguration section */
		078428782ABD73F000100C70 /* Debug */ = {
			isa = XCBuildConfiguration;
			buildSettings = {
				ALWAYS_SEARCH_USER_PATHS = NO;
				ASSETCATALOG_COMPILER_GENERATE_SWIFT_ASSET_SYMBOL_EXTENSIONS = YES;
				CLANG_ANALYZER_NONNULL = YES;
				CLANG_ANALYZER_NUMBER_OBJECT_CONVERSION = YES_AGGRESSIVE;
				CLANG_CXX_LANGUAGE_STANDARD = "gnu++20";
				CLANG_ENABLE_MODULES = YES;
				CLANG_ENABLE_OBJC_ARC = YES;
				CLANG_ENABLE_OBJC_WEAK = YES;
				CLANG_WARN_BLOCK_CAPTURE_AUTORELEASING = YES;
				CLANG_WARN_BOOL_CONVERSION = YES;
				CLANG_WARN_COMMA = YES;
				CLANG_WARN_CONSTANT_CONVERSION = YES;
				CLANG_WARN_DEPRECATED_OBJC_IMPLEMENTATIONS = YES;
				CLANG_WARN_DIRECT_OBJC_ISA_USAGE = YES_ERROR;
				CLANG_WARN_DOCUMENTATION_COMMENTS = YES;
				CLANG_WARN_EMPTY_BODY = YES;
				CLANG_WARN_ENUM_CONVERSION = YES;
				CLANG_WARN_INFINITE_RECURSION = YES;
				CLANG_WARN_INT_CONVERSION = YES;
				CLANG_WARN_NON_LITERAL_NULL_CONVERSION = YES;
				CLANG_WARN_OBJC_IMPLICIT_RETAIN_SELF = YES;
				CLANG_WARN_OBJC_LITERAL_CONVERSION = YES;
				CLANG_WARN_OBJC_ROOT_CLASS = YES_ERROR;
				CLANG_WARN_QUOTED_INCLUDE_IN_FRAMEWORK_HEADER = YES;
				CLANG_WARN_RANGE_LOOP_ANALYSIS = YES;
				CLANG_WARN_STRICT_PROTOTYPES = YES;
				CLANG_WARN_SUSPICIOUS_MOVE = YES;
				CLANG_WARN_UNGUARDED_AVAILABILITY = YES_AGGRESSIVE;
				CLANG_WARN_UNREACHABLE_CODE = YES;
				CLANG_WARN__DUPLICATE_METHOD_MATCH = YES;
				COPY_PHASE_STRIP = NO;
				DEBUG_INFORMATION_FORMAT = dwarf;
				ENABLE_STRICT_OBJC_MSGSEND = YES;
				ENABLE_TESTABILITY = YES;
				ENABLE_USER_SCRIPT_SANDBOXING = YES;
				GCC_C_LANGUAGE_STANDARD = gnu17;
				GCC_DYNAMIC_NO_PIC = NO;
				GCC_NO_COMMON_BLOCKS = YES;
				GCC_OPTIMIZATION_LEVEL = 0;
				GCC_PREPROCESSOR_DEFINITIONS = (
					"DEBUG=1",
					"$(inherited)",
				);
				GCC_WARN_64_TO_32_BIT_CONVERSION = YES;
				GCC_WARN_ABOUT_RETURN_TYPE = YES_ERROR;
				GCC_WARN_UNDECLARED_SELECTOR = YES;
				GCC_WARN_UNINITIALIZED_AUTOS = YES_AGGRESSIVE;
				GCC_WARN_UNUSED_FUNCTION = YES;
				GCC_WARN_UNUSED_VARIABLE = YES;
				IPHONEOS_DEPLOYMENT_TARGET = 17.0;
				LOCALIZATION_PREFERS_STRING_CATALOGS = YES;
				MTL_ENABLE_DEBUG_INFO = INCLUDE_SOURCE;
				MTL_FAST_MATH = YES;
				ONLY_ACTIVE_ARCH = YES;
				SDKROOT = iphoneos;
				SWIFT_ACTIVE_COMPILATION_CONDITIONS = "DEBUG $(inherited)";
				SWIFT_OPTIMIZATION_LEVEL = "-Onone";
			};
			name = Debug;
		};
		078428792ABD73F000100C70 /* Release */ = {
			isa = XCBuildConfiguration;
			buildSettings = {
				ALWAYS_SEARCH_USER_PATHS = NO;
				ASSETCATALOG_COMPILER_GENERATE_SWIFT_ASSET_SYMBOL_EXTENSIONS = YES;
				CLANG_ANALYZER_NONNULL = YES;
				CLANG_ANALYZER_NUMBER_OBJECT_CONVERSION = YES_AGGRESSIVE;
				CLANG_CXX_LANGUAGE_STANDARD = "gnu++20";
				CLANG_ENABLE_MODULES = YES;
				CLANG_ENABLE_OBJC_ARC = YES;
				CLANG_ENABLE_OBJC_WEAK = YES;
				CLANG_WARN_BLOCK_CAPTURE_AUTORELEASING = YES;
				CLANG_WARN_BOOL_CONVERSION = YES;
				CLANG_WARN_COMMA = YES;
				CLANG_WARN_CONSTANT_CONVERSION = YES;
				CLANG_WARN_DEPRECATED_OBJC_IMPLEMENTATIONS = YES;
				CLANG_WARN_DIRECT_OBJC_ISA_USAGE = YES_ERROR;
				CLANG_WARN_DOCUMENTATION_COMMENTS = YES;
				CLANG_WARN_EMPTY_BODY = YES;
				CLANG_WARN_ENUM_CONVERSION = YES;
				CLANG_WARN_INFINITE_RECURSION = YES;
				CLANG_WARN_INT_CONVERSION = YES;
				CLANG_WARN_NON_LITERAL_NULL_CONVERSION = YES;
				CLANG_WARN_OBJC_IMPLICIT_RETAIN_SELF = YES;
				CLANG_WARN_OBJC_LITERAL_CONVERSION = YES;
				CLANG_WARN_OBJC_ROOT_CLASS = YES_ERROR;
				CLANG_WARN_QUOTED_INCLUDE_IN_FRAMEWORK_HEADER = YES;
				CLANG_WARN_RANGE_LOOP_ANALYSIS = YES;
				CLANG_WARN_STRICT_PROTOTYPES = YES;
				CLANG_WARN_SUSPICIOUS_MOVE = YES;
				CLANG_WARN_UNGUARDED_AVAILABILITY = YES_AGGRESSIVE;
				CLANG_WARN_UNREACHABLE_CODE = YES;
				CLANG_WARN__DUPLICATE_METHOD_MATCH = YES;
				COPY_PHASE_STRIP = NO;
				DEBUG_INFORMATION_FORMAT = "dwarf-with-dsym";
				ENABLE_NS_ASSERTIONS = NO;
				ENABLE_STRICT_OBJC_MSGSEND = YES;
				ENABLE_USER_SCRIPT_SANDBOXING = YES;
				GCC_C_LANGUAGE_STANDARD = gnu17;
				GCC_NO_COMMON_BLOCKS = YES;
				GCC_WARN_64_TO_32_BIT_CONVERSION = YES;
				GCC_WARN_ABOUT_RETURN_TYPE = YES_ERROR;
				GCC_WARN_UNDECLARED_SELECTOR = YES;
				GCC_WARN_UNINITIALIZED_AUTOS = YES_AGGRESSIVE;
				GCC_WARN_UNUSED_FUNCTION = YES;
				GCC_WARN_UNUSED_VARIABLE = YES;
				IPHONEOS_DEPLOYMENT_TARGET = 17.0;
				LOCALIZATION_PREFERS_STRING_CATALOGS = YES;
				MTL_ENABLE_DEBUG_INFO = NO;
				MTL_FAST_MATH = YES;
				SDKROOT = iphoneos;
				SWIFT_COMPILATION_MODE = wholemodule;
				VALIDATE_PRODUCT = YES;
			};
			name = Release;
		};
		0784287B2ABD73F000100C70 /* Debug */ = {
			isa = XCBuildConfiguration;
			buildSettings = {
				ASSETCATALOG_COMPILER_APPICON_NAME = AppIcon;
				ASSETCATALOG_COMPILER_GLOBAL_ACCENT_COLOR_NAME = AccentColor;
				ASSETCATALOG_COMPILER_INCLUDE_ALL_APPICON_ASSETS = NO;
				CODE_SIGN_STYLE = Automatic;
				CURRENT_PROJECT_VERSION = 1;
				DEVELOPMENT_TEAM = CU6762QZJ4;
				GENERATE_INFOPLIST_FILE = YES;
				INFOPLIST_FILE = ClassicalChinese/Info.plist;
				INFOPLIST_KEY_CFBundleDisplayName = "한문";
				INFOPLIST_KEY_LSApplicationCategoryType = "public.app-category.education";
				INFOPLIST_KEY_UIApplicationSupportsIndirectInputEvents = YES;
				INFOPLIST_KEY_UILaunchStoryboardName = LaunchScreen;
				INFOPLIST_KEY_UIMainStoryboardFile = Main;
				INFOPLIST_KEY_UISupportedInterfaceOrientations_iPad = "UIInterfaceOrientationLandscapeLeft UIInterfaceOrientationLandscapeRight";
				INFOPLIST_KEY_UISupportedInterfaceOrientations_iPhone = "UIInterfaceOrientationLandscapeLeft UIInterfaceOrientationLandscapeRight";
				LD_RUNPATH_SEARCH_PATHS = (
					"$(inherited)",
					"@executable_path/Frameworks",
				);
				MARKETING_VERSION = "1.0-alpha";
				PRODUCT_BUNDLE_IDENTIFIER = kr.smartwe.ClassicalChinese2;
				PRODUCT_NAME = "$(TARGET_NAME)";
				SWIFT_EMIT_LOC_STRINGS = YES;
				SWIFT_VERSION = 5.0;
				TARGETED_DEVICE_FAMILY = "1,2";
			};
			name = Debug;
		};
		0784287C2ABD73F000100C70 /* Release */ = {
			isa = XCBuildConfiguration;
			buildSettings = {
				ASSETCATALOG_COMPILER_APPICON_NAME = AppIcon;
				ASSETCATALOG_COMPILER_GLOBAL_ACCENT_COLOR_NAME = AccentColor;
				ASSETCATALOG_COMPILER_INCLUDE_ALL_APPICON_ASSETS = NO;
				CODE_SIGN_STYLE = Automatic;
				CURRENT_PROJECT_VERSION = 1;
				DEVELOPMENT_TEAM = CU6762QZJ4;
				GENERATE_INFOPLIST_FILE = YES;
				INFOPLIST_FILE = ClassicalChinese/Info.plist;
				INFOPLIST_KEY_CFBundleDisplayName = "한문";
				INFOPLIST_KEY_LSApplicationCategoryType = "public.app-category.education";
				INFOPLIST_KEY_UIApplicationSupportsIndirectInputEvents = YES;
				INFOPLIST_KEY_UILaunchStoryboardName = LaunchScreen;
				INFOPLIST_KEY_UIMainStoryboardFile = Main;
				INFOPLIST_KEY_UISupportedInterfaceOrientations_iPad = "UIInterfaceOrientationLandscapeLeft UIInterfaceOrientationLandscapeRight";
				INFOPLIST_KEY_UISupportedInterfaceOrientations_iPhone = "UIInterfaceOrientationLandscapeLeft UIInterfaceOrientationLandscapeRight";
				LD_RUNPATH_SEARCH_PATHS = (
					"$(inherited)",
					"@executable_path/Frameworks",
				);
				MARKETING_VERSION = "1.0-alpha";
				PRODUCT_BUNDLE_IDENTIFIER = kr.smartwe.ClassicalChinese2;
				PRODUCT_NAME = "$(TARGET_NAME)";
				SWIFT_EMIT_LOC_STRINGS = YES;
				SWIFT_VERSION = 5.0;
				TARGETED_DEVICE_FAMILY = "1,2";
			};
			name = Release;
		};
/* End XCBuildConfiguration section */

/* Begin XCConfigurationList section */
		078428612ABD73EF00100C70 /* Build configuration list for PBXProject "ClassicalChinese" */ = {
			isa = XCConfigurationList;
			buildConfigurations = (
				078428782ABD73F000100C70 /* Debug */,
				078428792ABD73F000100C70 /* Release */,
			);
			defaultConfigurationIsVisible = 0;
			defaultConfigurationName = Release;
		};
		0784287A2ABD73F000100C70 /* Build configuration list for PBXNativeTarget "ClassicalChinese" */ = {
			isa = XCConfigurationList;
			buildConfigurations = (
				0784287B2ABD73F000100C70 /* Debug */,
				0784287C2ABD73F000100C70 /* Release */,
			);
			defaultConfigurationIsVisible = 0;
			defaultConfigurationName = Release;
		};
/* End XCConfigurationList section */

/* Begin XCRemoteSwiftPackageReference section */
		07CEDAF62ABDF7CB00FFA0BA /* XCRemoteSwiftPackageReference "lottie-ios" */ = {
			isa = XCRemoteSwiftPackageReference;
			repositoryURL = "https://github.com/airbnb/lottie-ios.git";
			requirement = {
				kind = upToNextMajorVersion;
				minimumVersion = 4.3.1;
			};
		};
		07CF146E2ACF1C6B007948C2 /* XCRemoteSwiftPackageReference "realm-swift" */ = {
			isa = XCRemoteSwiftPackageReference;
			repositoryURL = "https://github.com/realm/realm-swift.git";
			requirement = {
				branch = master;
				kind = branch;
			};
		};
/* End XCRemoteSwiftPackageReference section */

/* Begin XCSwiftPackageProductDependency section */
		07B45CFC2ABEC4E900A65931 /* Lottie */ = {
			isa = XCSwiftPackageProductDependency;
			package = 07CEDAF62ABDF7CB00FFA0BA /* XCRemoteSwiftPackageReference "lottie-ios" */;
			productName = Lottie;
		};
		07CF146F2ACF1C6B007948C2 /* Realm */ = {
			isa = XCSwiftPackageProductDependency;
			package = 07CF146E2ACF1C6B007948C2 /* XCRemoteSwiftPackageReference "realm-swift" */;
			productName = Realm;
		};
		07CF14712ACF1C6B007948C2 /* RealmSwift */ = {
			isa = XCSwiftPackageProductDependency;
			package = 07CF146E2ACF1C6B007948C2 /* XCRemoteSwiftPackageReference "realm-swift" */;
			productName = RealmSwift;
		};
/* End XCSwiftPackageProductDependency section */
	};
	rootObject = 0784285E2ABD73EF00100C70 /* Project object */;
}
